// !$*UTF8*$!
{
	archiveVersion = 1;
	classes = {
	};
	objectVersion = 46;
	objects = {

/* Begin PBXBuildFile section */
		9529B8AB1E80D5D4007E3766 /* main.m in Sources */ = {isa = PBXBuildFile; fileRef = 9529B8AA1E80D5D4007E3766 /* main.m */; };
		9529B8AE1E80D5D4007E3766 /* AppDelegate.m in Sources */ = {isa = PBXBuildFile; fileRef = 9529B8AD1E80D5D4007E3766 /* AppDelegate.m */; };
		9529B8B11E80D5D4007E3766 /* ViewController.m in Sources */ = {isa = PBXBuildFile; fileRef = 9529B8B01E80D5D4007E3766 /* ViewController.m */; };
		9529B8B41E80D5D4007E3766 /* Main.storyboard in Resources */ = {isa = PBXBuildFile; fileRef = 9529B8B21E80D5D4007E3766 /* Main.storyboard */; };
		9529B8B61E80D5D4007E3766 /* Assets.xcassets in Resources */ = {isa = PBXBuildFile; fileRef = 9529B8B51E80D5D4007E3766 /* Assets.xcassets */; };
		9529B8B91E80D5D4007E3766 /* LaunchScreen.storyboard in Resources */ = {isa = PBXBuildFile; fileRef = 9529B8B71E80D5D4007E3766 /* LaunchScreen.storyboard */; };
		9529B8C41E80D5D4007E3766 /* videoPlayerTests.m in Sources */ = {isa = PBXBuildFile; fileRef = 9529B8C31E80D5D4007E3766 /* videoPlayerTests.m */; };
		9529B8CF1E80D5D4007E3766 /* videoPlayerUITests.m in Sources */ = {isa = PBXBuildFile; fileRef = 9529B8CE1E80D5D4007E3766 /* videoPlayerUITests.m */; };
		9529B8E41E810D3C007E3766 /* videoModel.m in Sources */ = {isa = PBXBuildFile; fileRef = 9529B8E31E810D3C007E3766 /* videoModel.m */; };
		9529B9081E811024007E3766 /* LICENSE in Resources */ = {isa = PBXBuildFile; fileRef = 9529B8E61E811024007E3766 /* LICENSE */; };
		9529B9091E811024007E3766 /* README.md in Sources */ = {isa = PBXBuildFile; fileRef = 9529B8E71E811024007E3766 /* README.md */; };
		9529B90A1E811024007E3766 /* NSData+ImageContentType.m in Sources */ = {isa = PBXBuildFile; fileRef = 9529B8EA1E811024007E3766 /* NSData+ImageContentType.m */; };
		9529B90B1E811024007E3766 /* SDImageCache.m in Sources */ = {isa = PBXBuildFile; fileRef = 9529B8EC1E811024007E3766 /* SDImageCache.m */; };
		9529B90C1E811024007E3766 /* SDWebImageCompat.m in Sources */ = {isa = PBXBuildFile; fileRef = 9529B8EE1E811024007E3766 /* SDWebImageCompat.m */; };
		9529B90D1E811024007E3766 /* SDWebImageDecoder.m in Sources */ = {isa = PBXBuildFile; fileRef = 9529B8F01E811024007E3766 /* SDWebImageDecoder.m */; };
		9529B90E1E811024007E3766 /* SDWebImageDownloader.m in Sources */ = {isa = PBXBuildFile; fileRef = 9529B8F21E811024007E3766 /* SDWebImageDownloader.m */; };
		9529B90F1E811024007E3766 /* SDWebImageDownloaderOperation.m in Sources */ = {isa = PBXBuildFile; fileRef = 9529B8F41E811024007E3766 /* SDWebImageDownloaderOperation.m */; };
		9529B9101E811024007E3766 /* SDWebImageManager.m in Sources */ = {isa = PBXBuildFile; fileRef = 9529B8F61E811024007E3766 /* SDWebImageManager.m */; };
		9529B9111E811024007E3766 /* SDWebImagePrefetcher.m in Sources */ = {isa = PBXBuildFile; fileRef = 9529B8F91E811024007E3766 /* SDWebImagePrefetcher.m */; };
		9529B9121E811024007E3766 /* UIButton+WebCache.m in Sources */ = {isa = PBXBuildFile; fileRef = 9529B8FB1E811024007E3766 /* UIButton+WebCache.m */; };
		9529B9131E811024007E3766 /* UIImage+GIF.m in Sources */ = {isa = PBXBuildFile; fileRef = 9529B8FD1E811024007E3766 /* UIImage+GIF.m */; };
		9529B9141E811024007E3766 /* UIImage+MultiFormat.m in Sources */ = {isa = PBXBuildFile; fileRef = 9529B8FF1E811024007E3766 /* UIImage+MultiFormat.m */; };
		9529B9151E811024007E3766 /* UIImage+WebP.m in Sources */ = {isa = PBXBuildFile; fileRef = 9529B9011E811024007E3766 /* UIImage+WebP.m */; };
		9529B9161E811024007E3766 /* UIImageView+HighlightedWebCache.m in Sources */ = {isa = PBXBuildFile; fileRef = 9529B9031E811024007E3766 /* UIImageView+HighlightedWebCache.m */; };
		9529B9171E811024007E3766 /* UIImageView+WebCache.m in Sources */ = {isa = PBXBuildFile; fileRef = 9529B9051E811024007E3766 /* UIImageView+WebCache.m */; };
		9529B9181E811024007E3766 /* UIView+WebCacheOperation.m in Sources */ = {isa = PBXBuildFile; fileRef = 9529B9071E811024007E3766 /* UIView+WebCacheOperation.m */; };
		9529B91F1E8110DB007E3766 /* MBProgressHUD+MJ.m in Sources */ = {isa = PBXBuildFile; fileRef = 9529B91B1E8110DB007E3766 /* MBProgressHUD+MJ.m */; };
		9529B9201E8110DB007E3766 /* MBProgressHUD.bundle in Resources */ = {isa = PBXBuildFile; fileRef = 9529B91C1E8110DB007E3766 /* MBProgressHUD.bundle */; };
		9529B9211E8110DB007E3766 /* MBProgressHUD.m in Sources */ = {isa = PBXBuildFile; fileRef = 9529B91E1E8110DB007E3766 /* MBProgressHUD.m */; };
		9529B9241E8115B8007E3766 /* videoTool.m in Sources */ = {isa = PBXBuildFile; fileRef = 9529B9231E8115B8007E3766 /* videoTool.m */; };
		9529B9271E811ABC007E3766 /* videoCell.m in Sources */ = {isa = PBXBuildFile; fileRef = 9529B9261E811ABC007E3766 /* videoCell.m */; };
		9529B92D1E812BC1007E3766 /* videoPlayer.m in Sources */ = {isa = PBXBuildFile; fileRef = 9529B92C1E812BC1007E3766 /* videoPlayer.m */; };
		9529B92F1E812CAE007E3766 /* AVKit.framework in Frameworks */ = {isa = PBXBuildFile; fileRef = 9529B92E1E812CAE007E3766 /* AVKit.framework */; };
		9529B9311E813372007E3766 /* AVFoundation.framework in Frameworks */ = {isa = PBXBuildFile; fileRef = 9529B9301E813372007E3766 /* AVFoundation.framework */; };
		9529B9321E8138C9007E3766 /* MediaPlayer.framework in Frameworks */ = {isa = PBXBuildFile; fileRef = 9529B9291E812B1D007E3766 /* MediaPlayer.framework */; };
		9529B9351E822554007E3766 /* navigationController.m in Sources */ = {isa = PBXBuildFile; fileRef = 9529B9341E822554007E3766 /* navigationController.m */; };
		9529B9381E8228A7007E3766 /* UIView+Extension.m in Sources */ = {isa = PBXBuildFile; fileRef = 9529B9371E8228A7007E3766 /* UIView+Extension.m */; };
		9529B93A1E82351B007E3766 /* libxml2.2.tbd in Frameworks */ = {isa = PBXBuildFile; fileRef = 9529B9391E82351B007E3766 /* libxml2.2.tbd */; };
		9529B93E1E82360B007E3766 /* GDataXMLNode.m in Sources */ = {isa = PBXBuildFile; fileRef = 9529B93D1E82360B007E3766 /* GDataXMLNode.m */; settings = {COMPILER_FLAGS = "-fno-objc-arc"; }; };
/* End PBXBuildFile section */

/* Begin PBXContainerItemProxy section */
		9529B8C01E80D5D4007E3766 /* PBXContainerItemProxy */ = {
			isa = PBXContainerItemProxy;
			containerPortal = 9529B89E1E80D5D4007E3766 /* Project object */;
			proxyType = 1;
			remoteGlobalIDString = 9529B8A51E80D5D4007E3766;
			remoteInfo = videoPlayer;
		};
		9529B8CB1E80D5D4007E3766 /* PBXContainerItemProxy */ = {
			isa = PBXContainerItemProxy;
			containerPortal = 9529B89E1E80D5D4007E3766 /* Project object */;
			proxyType = 1;
			remoteGlobalIDString = 9529B8A51E80D5D4007E3766;
			remoteInfo = videoPlayer;
		};
/* End PBXContainerItemProxy section */

/* Begin PBXFileReference section */
		9529B8A61E80D5D4007E3766 /* videoPlayer.app */ = {isa = PBXFileReference; explicitFileType = wrapper.application; includeInIndex = 0; path = videoPlayer.app; sourceTree = BUILT_PRODUCTS_DIR; };
		9529B8AA1E80D5D4007E3766 /* main.m */ = {isa = PBXFileReference; lastKnownFileType = sourcecode.c.objc; path = main.m; sourceTree = "<group>"; };
		9529B8AC1E80D5D4007E3766 /* AppDelegate.h */ = {isa = PBXFileReference; lastKnownFileType = sourcecode.c.h; path = AppDelegate.h; sourceTree = "<group>"; };
		9529B8AD1E80D5D4007E3766 /* AppDelegate.m */ = {isa = PBXFileReference; lastKnownFileType = sourcecode.c.objc; path = AppDelegate.m; sourceTree = "<group>"; };
		9529B8AF1E80D5D4007E3766 /* ViewController.h */ = {isa = PBXFileReference; lastKnownFileType = sourcecode.c.h; path = ViewController.h; sourceTree = "<group>"; };
		9529B8B01E80D5D4007E3766 /* ViewController.m */ = {isa = PBXFileReference; lastKnownFileType = sourcecode.c.objc; path = ViewController.m; sourceTree = "<group>"; };
		9529B8B31E80D5D4007E3766 /* Base */ = {isa = PBXFileReference; lastKnownFileType = file.storyboard; name = Base; path = Base.lproj/Main.storyboard; sourceTree = "<group>"; };
		9529B8B51E80D5D4007E3766 /* Assets.xcassets */ = {isa = PBXFileReference; lastKnownFileType = folder.assetcatalog; path = Assets.xcassets; sourceTree = "<group>"; };
		9529B8B81E80D5D4007E3766 /* Base */ = {isa = PBXFileReference; lastKnownFileType = file.storyboard; name = Base; path = Base.lproj/LaunchScreen.storyboard; sourceTree = "<group>"; };
		9529B8BA1E80D5D4007E3766 /* Info.plist */ = {isa = PBXFileReference; lastKnownFileType = text.plist.xml; path = Info.plist; sourceTree = "<group>"; };
		9529B8BF1E80D5D4007E3766 /* videoPlayerTests.xctest */ = {isa = PBXFileReference; explicitFileType = wrapper.cfbundle; includeInIndex = 0; path = videoPlayerTests.xctest; sourceTree = BUILT_PRODUCTS_DIR; };
		9529B8C31E80D5D4007E3766 /* videoPlayerTests.m */ = {isa = PBXFileReference; lastKnownFileType = sourcecode.c.objc; path = videoPlayerTests.m; sourceTree = "<group>"; };
		9529B8C51E80D5D4007E3766 /* Info.plist */ = {isa = PBXFileReference; lastKnownFileType = text.plist.xml; path = Info.plist; sourceTree = "<group>"; };
		9529B8CA1E80D5D4007E3766 /* videoPlayerUITests.xctest */ = {isa = PBXFileReference; explicitFileType = wrapper.cfbundle; includeInIndex = 0; path = videoPlayerUITests.xctest; sourceTree = BUILT_PRODUCTS_DIR; };
		9529B8CE1E80D5D4007E3766 /* videoPlayerUITests.m */ = {isa = PBXFileReference; lastKnownFileType = sourcecode.c.objc; path = videoPlayerUITests.m; sourceTree = "<group>"; };
		9529B8D01E80D5D4007E3766 /* Info.plist */ = {isa = PBXFileReference; lastKnownFileType = text.plist.xml; path = Info.plist; sourceTree = "<group>"; };
		9529B8E21E810D3C007E3766 /* videoModel.h */ = {isa = PBXFileReference; fileEncoding = 4; lastKnownFileType = sourcecode.c.h; path = videoModel.h; sourceTree = "<group>"; };
		9529B8E31E810D3C007E3766 /* videoModel.m */ = {isa = PBXFileReference; fileEncoding = 4; lastKnownFileType = sourcecode.c.objc; path = videoModel.m; sourceTree = "<group>"; };
		9529B8E61E811024007E3766 /* LICENSE */ = {isa = PBXFileReference; fileEncoding = 4; lastKnownFileType = text; path = LICENSE; sourceTree = "<group>"; };
		9529B8E71E811024007E3766 /* README.md */ = {isa = PBXFileReference; fileEncoding = 4; lastKnownFileType = net.daringfireball.markdown; path = README.md; sourceTree = "<group>"; };
		9529B8E91E811024007E3766 /* NSData+ImageContentType.h */ = {isa = PBXFileReference; fileEncoding = 4; lastKnownFileType = sourcecode.c.h; path = "NSData+ImageContentType.h"; sourceTree = "<group>"; };
		9529B8EA1E811024007E3766 /* NSData+ImageContentType.m */ = {isa = PBXFileReference; fileEncoding = 4; lastKnownFileType = sourcecode.c.objc; path = "NSData+ImageContentType.m"; sourceTree = "<group>"; };
		9529B8EB1E811024007E3766 /* SDImageCache.h */ = {isa = PBXFileReference; fileEncoding = 4; lastKnownFileType = sourcecode.c.h; path = SDImageCache.h; sourceTree = "<group>"; };
		9529B8EC1E811024007E3766 /* SDImageCache.m */ = {isa = PBXFileReference; fileEncoding = 4; lastKnownFileType = sourcecode.c.objc; path = SDImageCache.m; sourceTree = "<group>"; };
		9529B8ED1E811024007E3766 /* SDWebImageCompat.h */ = {isa = PBXFileReference; fileEncoding = 4; lastKnownFileType = sourcecode.c.h; path = SDWebImageCompat.h; sourceTree = "<group>"; };
		9529B8EE1E811024007E3766 /* SDWebImageCompat.m */ = {isa = PBXFileReference; fileEncoding = 4; lastKnownFileType = sourcecode.c.objc; path = SDWebImageCompat.m; sourceTree = "<group>"; };
		9529B8EF1E811024007E3766 /* SDWebImageDecoder.h */ = {isa = PBXFileReference; fileEncoding = 4; lastKnownFileType = sourcecode.c.h; path = SDWebImageDecoder.h; sourceTree = "<group>"; };
		9529B8F01E811024007E3766 /* SDWebImageDecoder.m */ = {isa = PBXFileReference; fileEncoding = 4; lastKnownFileType = sourcecode.c.objc; path = SDWebImageDecoder.m; sourceTree = "<group>"; };
		9529B8F11E811024007E3766 /* SDWebImageDownloader.h */ = {isa = PBXFileReference; fileEncoding = 4; lastKnownFileType = sourcecode.c.h; path = SDWebImageDownloader.h; sourceTree = "<group>"; };
		9529B8F21E811024007E3766 /* SDWebImageDownloader.m */ = {isa = PBXFileReference; fileEncoding = 4; lastKnownFileType = sourcecode.c.objc; path = SDWebImageDownloader.m; sourceTree = "<group>"; };
		9529B8F31E811024007E3766 /* SDWebImageDownloaderOperation.h */ = {isa = PBXFileReference; fileEncoding = 4; lastKnownFileType = sourcecode.c.h; path = SDWebImageDownloaderOperation.h; sourceTree = "<group>"; };
		9529B8F41E811024007E3766 /* SDWebImageDownloaderOperation.m */ = {isa = PBXFileReference; fileEncoding = 4; lastKnownFileType = sourcecode.c.objc; path = SDWebImageDownloaderOperation.m; sourceTree = "<group>"; };
		9529B8F51E811024007E3766 /* SDWebImageManager.h */ = {isa = PBXFileReference; fileEncoding = 4; lastKnownFileType = sourcecode.c.h; path = SDWebImageManager.h; sourceTree = "<group>"; };
		9529B8F61E811024007E3766 /* SDWebImageManager.m */ = {isa = PBXFileReference; fileEncoding = 4; lastKnownFileType = sourcecode.c.objc; path = SDWebImageManager.m; sourceTree = "<group>"; };
		9529B8F71E811024007E3766 /* SDWebImageOperation.h */ = {isa = PBXFileReference; fileEncoding = 4; lastKnownFileType = sourcecode.c.h; path = SDWebImageOperation.h; sourceTree = "<group>"; };
		9529B8F81E811024007E3766 /* SDWebImagePrefetcher.h */ = {isa = PBXFileReference; fileEncoding = 4; lastKnownFileType = sourcecode.c.h; path = SDWebImagePrefetcher.h; sourceTree = "<group>"; };
		9529B8F91E811024007E3766 /* SDWebImagePrefetcher.m */ = {isa = PBXFileReference; fileEncoding = 4; lastKnownFileType = sourcecode.c.objc; path = SDWebImagePrefetcher.m; sourceTree = "<group>"; };
		9529B8FA1E811024007E3766 /* UIButton+WebCache.h */ = {isa = PBXFileReference; fileEncoding = 4; lastKnownFileType = sourcecode.c.h; path = "UIButton+WebCache.h"; sourceTree = "<group>"; };
		9529B8FB1E811024007E3766 /* UIButton+WebCache.m */ = {isa = PBXFileReference; fileEncoding = 4; lastKnownFileType = sourcecode.c.objc; path = "UIButton+WebCache.m"; sourceTree = "<group>"; };
		9529B8FC1E811024007E3766 /* UIImage+GIF.h */ = {isa = PBXFileReference; fileEncoding = 4; lastKnownFileType = sourcecode.c.h; path = "UIImage+GIF.h"; sourceTree = "<group>"; };
		9529B8FD1E811024007E3766 /* UIImage+GIF.m */ = {isa = PBXFileReference; fileEncoding = 4; lastKnownFileType = sourcecode.c.objc; path = "UIImage+GIF.m"; sourceTree = "<group>"; };
		9529B8FE1E811024007E3766 /* UIImage+MultiFormat.h */ = {isa = PBXFileReference; fileEncoding = 4; lastKnownFileType = sourcecode.c.h; path = "UIImage+MultiFormat.h"; sourceTree = "<group>"; };
		9529B8FF1E811024007E3766 /* UIImage+MultiFormat.m */ = {isa = PBXFileReference; fileEncoding = 4; lastKnownFileType = sourcecode.c.objc; path = "UIImage+MultiFormat.m"; sourceTree = "<group>"; };
		9529B9001E811024007E3766 /* UIImage+WebP.h */ = {isa = PBXFileReference; fileEncoding = 4; lastKnownFileType = sourcecode.c.h; path = "UIImage+WebP.h"; sourceTree = "<group>"; };
		9529B9011E811024007E3766 /* UIImage+WebP.m */ = {isa = PBXFileReference; fileEncoding = 4; lastKnownFileType = sourcecode.c.objc; path = "UIImage+WebP.m"; sourceTree = "<group>"; };
		9529B9021E811024007E3766 /* UIImageView+HighlightedWebCache.h */ = {isa = PBXFileReference; fileEncoding = 4; lastKnownFileType = sourcecode.c.h; path = "UIImageView+HighlightedWebCache.h"; sourceTree = "<group>"; };
		9529B9031E811024007E3766 /* UIImageView+HighlightedWebCache.m */ = {isa = PBXFileReference; fileEncoding = 4; lastKnownFileType = sourcecode.c.objc; path = "UIImageView+HighlightedWebCache.m"; sourceTree = "<group>"; };
		9529B9041E811024007E3766 /* UIImageView+WebCache.h */ = {isa = PBXFileReference; fileEncoding = 4; lastKnownFileType = sourcecode.c.h; path = "UIImageView+WebCache.h"; sourceTree = "<group>"; };
		9529B9051E811024007E3766 /* UIImageView+WebCache.m */ = {isa = PBXFileReference; fileEncoding = 4; lastKnownFileType = sourcecode.c.objc; path = "UIImageView+WebCache.m"; sourceTree = "<group>"; };
		9529B9061E811024007E3766 /* UIView+WebCacheOperation.h */ = {isa = PBXFileReference; fileEncoding = 4; lastKnownFileType = sourcecode.c.h; path = "UIView+WebCacheOperation.h"; sourceTree = "<group>"; };
		9529B9071E811024007E3766 /* UIView+WebCacheOperation.m */ = {isa = PBXFileReference; fileEncoding = 4; lastKnownFileType = sourcecode.c.objc; path = "UIView+WebCacheOperation.m"; sourceTree = "<group>"; };
		9529B91A1E8110DB007E3766 /* MBProgressHUD+MJ.h */ = {isa = PBXFileReference; fileEncoding = 4; lastKnownFileType = sourcecode.c.h; path = "MBProgressHUD+MJ.h"; sourceTree = "<group>"; };
		9529B91B1E8110DB007E3766 /* MBProgressHUD+MJ.m */ = {isa = PBXFileReference; fileEncoding = 4; lastKnownFileType = sourcecode.c.objc; path = "MBProgressHUD+MJ.m"; sourceTree = "<group>"; };
		9529B91C1E8110DB007E3766 /* MBProgressHUD.bundle */ = {isa = PBXFileReference; lastKnownFileType = "wrapper.plug-in"; path = MBProgressHUD.bundle; sourceTree = "<group>"; };
		9529B91D1E8110DB007E3766 /* MBProgressHUD.h */ = {isa = PBXFileReference; fileEncoding = 4; lastKnownFileType = sourcecode.c.h; path = MBProgressHUD.h; sourceTree = "<group>"; };
		9529B91E1E8110DB007E3766 /* MBProgressHUD.m */ = {isa = PBXFileReference; fileEncoding = 4; lastKnownFileType = sourcecode.c.objc; path = MBProgressHUD.m; sourceTree = "<group>"; };
		9529B9221E8115B8007E3766 /* videoTool.h */ = {isa = PBXFileReference; fileEncoding = 4; lastKnownFileType = sourcecode.c.h; path = videoTool.h; sourceTree = "<group>"; };
		9529B9231E8115B8007E3766 /* videoTool.m */ = {isa = PBXFileReference; fileEncoding = 4; lastKnownFileType = sourcecode.c.objc; path = videoTool.m; sourceTree = "<group>"; };
		9529B9251E811ABC007E3766 /* videoCell.h */ = {isa = PBXFileReference; fileEncoding = 4; lastKnownFileType = sourcecode.c.h; path = videoCell.h; sourceTree = "<group>"; };
		9529B9261E811ABC007E3766 /* videoCell.m */ = {isa = PBXFileReference; fileEncoding = 4; lastKnownFileType = sourcecode.c.objc; path = videoCell.m; sourceTree = "<group>"; };
		9529B9291E812B1D007E3766 /* MediaPlayer.framework */ = {isa = PBXFileReference; lastKnownFileType = wrapper.framework; name = MediaPlayer.framework; path = System/Library/Frameworks/MediaPlayer.framework; sourceTree = SDKROOT; };
		9529B92B1E812BC1007E3766 /* videoPlayer.h */ = {isa = PBXFileReference; fileEncoding = 4; lastKnownFileType = sourcecode.c.h; path = videoPlayer.h; sourceTree = "<group>"; };
		9529B92C1E812BC1007E3766 /* videoPlayer.m */ = {isa = PBXFileReference; fileEncoding = 4; lastKnownFileType = sourcecode.c.objc; path = videoPlayer.m; sourceTree = "<group>"; };
		9529B92E1E812CAE007E3766 /* AVKit.framework */ = {isa = PBXFileReference; lastKnownFileType = wrapper.framework; name = AVKit.framework; path = System/Library/Frameworks/AVKit.framework; sourceTree = SDKROOT; };
		9529B9301E813372007E3766 /* AVFoundation.framework */ = {isa = PBXFileReference; lastKnownFileType = wrapper.framework; name = AVFoundation.framework; path = System/Library/Frameworks/AVFoundation.framework; sourceTree = SDKROOT; };
		9529B9331E822554007E3766 /* navigationController.h */ = {isa = PBXFileReference; fileEncoding = 4; lastKnownFileType = sourcecode.c.h; path = navigationController.h; sourceTree = "<group>"; };
		9529B9341E822554007E3766 /* navigationController.m */ = {isa = PBXFileReference; fileEncoding = 4; lastKnownFileType = sourcecode.c.objc; path = navigationController.m; sourceTree = "<group>"; };
		9529B9361E8228A7007E3766 /* UIView+Extension.h */ = {isa = PBXFileReference; fileEncoding = 4; lastKnownFileType = sourcecode.c.h; path = "UIView+Extension.h"; sourceTree = "<group>"; };
		9529B9371E8228A7007E3766 /* UIView+Extension.m */ = {isa = PBXFileReference; fileEncoding = 4; lastKnownFileType = sourcecode.c.objc; path = "UIView+Extension.m"; sourceTree = "<group>"; };
		9529B9391E82351B007E3766 /* libxml2.2.tbd */ = {isa = PBXFileReference; lastKnownFileType = "sourcecode.text-based-dylib-definition"; name = libxml2.2.tbd; path = usr/lib/libxml2.2.tbd; sourceTree = SDKROOT; };
		9529B93C1E82360B007E3766 /* GDataXMLNode.h */ = {isa = PBXFileReference; fileEncoding = 4; lastKnownFileType = sourcecode.c.h; path = GDataXMLNode.h; sourceTree = "<group>"; };
		9529B93D1E82360B007E3766 /* GDataXMLNode.m */ = {isa = PBXFileReference; fileEncoding = 4; lastKnownFileType = sourcecode.c.objc; path = GDataXMLNode.m; sourceTree = "<group>"; };
/* End PBXFileReference section */

/* Begin PBXFrameworksBuildPhase section */
		9529B8A31E80D5D4007E3766 /* Frameworks */ = {
			isa = PBXFrameworksBuildPhase;
			buildActionMask = 2147483647;
			files = (
				9529B93A1E82351B007E3766 /* libxml2.2.tbd in Frameworks */,
				9529B9321E8138C9007E3766 /* MediaPlayer.framework in Frameworks */,
				9529B9311E813372007E3766 /* AVFoundation.framework in Frameworks */,
				9529B92F1E812CAE007E3766 /* AVKit.framework in Frameworks */,
			);
			runOnlyForDeploymentPostprocessing = 0;
		};
		9529B8BC1E80D5D4007E3766 /* Frameworks */ = {
			isa = PBXFrameworksBuildPhase;
			buildActionMask = 2147483647;
			files = (
			);
			runOnlyForDeploymentPostprocessing = 0;
		};
		9529B8C71E80D5D4007E3766 /* Frameworks */ = {
			isa = PBXFrameworksBuildPhase;
			buildActionMask = 2147483647;
			files = (
			);
			runOnlyForDeploymentPostprocessing = 0;
		};
/* End PBXFrameworksBuildPhase section */

/* Begin PBXGroup section */
		9529B89D1E80D5D4007E3766 = {
			isa = PBXGroup;
			children = (
				9529B8A81E80D5D4007E3766 /* videoPlayer */,
				9529B8C21E80D5D4007E3766 /* videoPlayerTests */,
				9529B8CD1E80D5D4007E3766 /* videoPlayerUITests */,
				9529B8A71E80D5D4007E3766 /* Products */,
				9529B9281E812B1D007E3766 /* Frameworks */,
			);
			sourceTree = "<group>";
		};
		9529B8A71E80D5D4007E3766 /* Products */ = {
			isa = PBXGroup;
			children = (
				9529B8A61E80D5D4007E3766 /* videoPlayer.app */,
				9529B8BF1E80D5D4007E3766 /* videoPlayerTests.xctest */,
				9529B8CA1E80D5D4007E3766 /* videoPlayerUITests.xctest */,
			);
			name = Products;
			sourceTree = "<group>";
		};
		9529B8A81E80D5D4007E3766 /* videoPlayer */ = {
			isa = PBXGroup;
			children = (
				9529B8E11E80E442007E3766 /* Other */,
				9529B8E01E80E435007E3766 /* Controller */,
				9529B8DF1E80E430007E3766 /* View */,
				9529B8DC1E80E419007E3766 /* Model */,
				9529B8A91E80D5D4007E3766 /* Supporting Files */,
			);
			path = videoPlayer;
			sourceTree = "<group>";
		};
		9529B8A91E80D5D4007E3766 /* Supporting Files */ = {
			isa = PBXGroup;
			children = (
				9529B8AA1E80D5D4007E3766 /* main.m */,
			);
			name = "Supporting Files";
			sourceTree = "<group>";
		};
		9529B8C21E80D5D4007E3766 /* videoPlayerTests */ = {
			isa = PBXGroup;
			children = (
				9529B8C31E80D5D4007E3766 /* videoPlayerTests.m */,
				9529B8C51E80D5D4007E3766 /* Info.plist */,
			);
			path = videoPlayerTests;
			sourceTree = "<group>";
		};
		9529B8CD1E80D5D4007E3766 /* videoPlayerUITests */ = {
			isa = PBXGroup;
			children = (
				9529B8CE1E80D5D4007E3766 /* videoPlayerUITests.m */,
				9529B8D01E80D5D4007E3766 /* Info.plist */,
			);
			path = videoPlayerUITests;
			sourceTree = "<group>";
		};
		9529B8DC1E80E419007E3766 /* Model */ = {
			isa = PBXGroup;
			children = (
				9529B8E21E810D3C007E3766 /* videoModel.h */,
				9529B8E31E810D3C007E3766 /* videoModel.m */,
				9529B9221E8115B8007E3766 /* videoTool.h */,
				9529B9231E8115B8007E3766 /* videoTool.m */,
				9529B92B1E812BC1007E3766 /* videoPlayer.h */,
				9529B92C1E812BC1007E3766 /* videoPlayer.m */,
			);
			name = Model;
			sourceTree = "<group>";
		};
		9529B8DF1E80E430007E3766 /* View */ = {
			isa = PBXGroup;
			children = (
				9529B9251E811ABC007E3766 /* videoCell.h */,
				9529B9261E811ABC007E3766 /* videoCell.m */,
			);
			name = View;
			sourceTree = "<group>";
		};
		9529B8E01E80E435007E3766 /* Controller */ = {
			isa = PBXGroup;
			children = (
				9529B8B21E80D5D4007E3766 /* Main.storyboard */,
				9529B8AF1E80D5D4007E3766 /* ViewController.h */,
				9529B8B01E80D5D4007E3766 /* ViewController.m */,
				9529B9331E822554007E3766 /* navigationController.h */,
				9529B9341E822554007E3766 /* navigationController.m */,
			);
			name = Controller;
			sourceTree = "<group>";
		};
		9529B8E11E80E442007E3766 /* Other */ = {
			isa = PBXGroup;
			children = (
				9529B93B1E82360B007E3766 /* GDataXML */,
				9529B9191E8110DB007E3766 /* MBProgressHUD */,
				9529B8E51E811024007E3766 /* SDWebImage */,
				9529B8B51E80D5D4007E3766 /* Assets.xcassets */,
				9529B8B71E80D5D4007E3766 /* LaunchScreen.storyboard */,
				9529B8BA1E80D5D4007E3766 /* Info.plist */,
				9529B8AC1E80D5D4007E3766 /* AppDelegate.h */,
				9529B8AD1E80D5D4007E3766 /* AppDelegate.m */,
				9529B9361E8228A7007E3766 /* UIView+Extension.h */,
				9529B9371E8228A7007E3766 /* UIView+Extension.m */,
			);
			name = Other;
			sourceTree = "<group>";
		};
		9529B8E51E811024007E3766 /* SDWebImage */ = {
			isa = PBXGroup;
			children = (
				9529B8E61E811024007E3766 /* LICENSE */,
				9529B8E71E811024007E3766 /* README.md */,
				9529B8E81E811024007E3766 /* SDWebImage */,
			);
			path = SDWebImage;
			sourceTree = "<group>";
		};
		9529B8E81E811024007E3766 /* SDWebImage */ = {
			isa = PBXGroup;
			children = (
				9529B8E91E811024007E3766 /* NSData+ImageContentType.h */,
				9529B8EA1E811024007E3766 /* NSData+ImageContentType.m */,
				9529B8EB1E811024007E3766 /* SDImageCache.h */,
				9529B8EC1E811024007E3766 /* SDImageCache.m */,
				9529B8ED1E811024007E3766 /* SDWebImageCompat.h */,
				9529B8EE1E811024007E3766 /* SDWebImageCompat.m */,
				9529B8EF1E811024007E3766 /* SDWebImageDecoder.h */,
				9529B8F01E811024007E3766 /* SDWebImageDecoder.m */,
				9529B8F11E811024007E3766 /* SDWebImageDownloader.h */,
				9529B8F21E811024007E3766 /* SDWebImageDownloader.m */,
				9529B8F31E811024007E3766 /* SDWebImageDownloaderOperation.h */,
				9529B8F41E811024007E3766 /* SDWebImageDownloaderOperation.m */,
				9529B8F51E811024007E3766 /* SDWebImageManager.h */,
				9529B8F61E811024007E3766 /* SDWebImageManager.m */,
				9529B8F71E811024007E3766 /* SDWebImageOperation.h */,
				9529B8F81E811024007E3766 /* SDWebImagePrefetcher.h */,
				9529B8F91E811024007E3766 /* SDWebImagePrefetcher.m */,
				9529B8FA1E811024007E3766 /* UIButton+WebCache.h */,
				9529B8FB1E811024007E3766 /* UIButton+WebCache.m */,
				9529B8FC1E811024007E3766 /* UIImage+GIF.h */,
				9529B8FD1E811024007E3766 /* UIImage+GIF.m */,
				9529B8FE1E811024007E3766 /* UIImage+MultiFormat.h */,
				9529B8FF1E811024007E3766 /* UIImage+MultiFormat.m */,
				9529B9001E811024007E3766 /* UIImage+WebP.h */,
				9529B9011E811024007E3766 /* UIImage+WebP.m */,
				9529B9021E811024007E3766 /* UIImageView+HighlightedWebCache.h */,
				9529B9031E811024007E3766 /* UIImageView+HighlightedWebCache.m */,
				9529B9041E811024007E3766 /* UIImageView+WebCache.h */,
				9529B9051E811024007E3766 /* UIImageView+WebCache.m */,
				9529B9061E811024007E3766 /* UIView+WebCacheOperation.h */,
				9529B9071E811024007E3766 /* UIView+WebCacheOperation.m */,
			);
			path = SDWebImage;
			sourceTree = "<group>";
		};
		9529B9191E8110DB007E3766 /* MBProgressHUD */ = {
			isa = PBXGroup;
			children = (
				9529B91A1E8110DB007E3766 /* MBProgressHUD+MJ.h */,
				9529B91B1E8110DB007E3766 /* MBProgressHUD+MJ.m */,
				9529B91C1E8110DB007E3766 /* MBProgressHUD.bundle */,
				9529B91D1E8110DB007E3766 /* MBProgressHUD.h */,
				9529B91E1E8110DB007E3766 /* MBProgressHUD.m */,
			);
			path = MBProgressHUD;
			sourceTree = "<group>";
		};
		9529B9281E812B1D007E3766 /* Frameworks */ = {
			isa = PBXGroup;
			children = (
				9529B9391E82351B007E3766 /* libxml2.2.tbd */,
				9529B9301E813372007E3766 /* AVFoundation.framework */,
				9529B92E1E812CAE007E3766 /* AVKit.framework */,
				9529B9291E812B1D007E3766 /* MediaPlayer.framework */,
			);
			name = Frameworks;
			sourceTree = "<group>";
		};
		9529B93B1E82360B007E3766 /* GDataXML */ = {
			isa = PBXGroup;
			children = (
				9529B93C1E82360B007E3766 /* GDataXMLNode.h */,
				9529B93D1E82360B007E3766 /* GDataXMLNode.m */,
			);
			path = GDataXML;
			sourceTree = "<group>";
		};
/* End PBXGroup section */

/* Begin PBXNativeTarget section */
		9529B8A51E80D5D4007E3766 /* videoPlayer */ = {
			isa = PBXNativeTarget;
			buildConfigurationList = 9529B8D31E80D5D4007E3766 /* Build configuration list for PBXNativeTarget "videoPlayer" */;
			buildPhases = (
				9529B8A21E80D5D4007E3766 /* Sources */,
				9529B8A31E80D5D4007E3766 /* Frameworks */,
				9529B8A41E80D5D4007E3766 /* Resources */,
			);
			buildRules = (
			);
			dependencies = (
			);
			name = videoPlayer;
			productName = videoPlayer;
			productReference = 9529B8A61E80D5D4007E3766 /* videoPlayer.app */;
			productType = "com.apple.product-type.application";
		};
		9529B8BE1E80D5D4007E3766 /* videoPlayerTests */ = {
			isa = PBXNativeTarget;
			buildConfigurationList = 9529B8D61E80D5D4007E3766 /* Build configuration list for PBXNativeTarget "videoPlayerTests" */;
			buildPhases = (
				9529B8BB1E80D5D4007E3766 /* Sources */,
				9529B8BC1E80D5D4007E3766 /* Frameworks */,
				9529B8BD1E80D5D4007E3766 /* Resources */,
			);
			buildRules = (
			);
			dependencies = (
				9529B8C11E80D5D4007E3766 /* PBXTargetDependency */,
			);
			name = videoPlayerTests;
			productName = videoPlayerTests;
			productReference = 9529B8BF1E80D5D4007E3766 /* videoPlayerTests.xctest */;
			productType = "com.apple.product-type.bundle.unit-test";
		};
		9529B8C91E80D5D4007E3766 /* videoPlayerUITests */ = {
			isa = PBXNativeTarget;
			buildConfigurationList = 9529B8D91E80D5D4007E3766 /* Build configuration list for PBXNativeTarget "videoPlayerUITests" */;
			buildPhases = (
				9529B8C61E80D5D4007E3766 /* Sources */,
				9529B8C71E80D5D4007E3766 /* Frameworks */,
				9529B8C81E80D5D4007E3766 /* Resources */,
			);
			buildRules = (
			);
			dependencies = (
				9529B8CC1E80D5D4007E3766 /* PBXTargetDependency */,
			);
			name = videoPlayerUITests;
			productName = videoPlayerUITests;
			productReference = 9529B8CA1E80D5D4007E3766 /* videoPlayerUITests.xctest */;
			productType = "com.apple.product-type.bundle.ui-testing";
		};
/* End PBXNativeTarget section */

/* Begin PBXProject section */
		9529B89E1E80D5D4007E3766 /* Project object */ = {
			isa = PBXProject;
			attributes = {
				LastUpgradeCheck = 0820;
				ORGANIZATIONNAME = Wei;
				TargetAttributes = {
					9529B8A51E80D5D4007E3766 = {
						CreatedOnToolsVersion = 8.2.1;
						DevelopmentTeam = 8DR7TR6R4T;
						ProvisioningStyle = Automatic;
					};
					9529B8BE1E80D5D4007E3766 = {
						CreatedOnToolsVersion = 8.2.1;
						DevelopmentTeam = 8DR7TR6R4T;
						ProvisioningStyle = Automatic;
						TestTargetID = 9529B8A51E80D5D4007E3766;
					};
					9529B8C91E80D5D4007E3766 = {
						CreatedOnToolsVersion = 8.2.1;
						DevelopmentTeam = 8DR7TR6R4T;
						ProvisioningStyle = Automatic;
						TestTargetID = 9529B8A51E80D5D4007E3766;
					};
				};
			};
			buildConfigurationList = 9529B8A11E80D5D4007E3766 /* Build configuration list for PBXProject "videoPlayer" */;
			compatibilityVersion = "Xcode 3.2";
			developmentRegion = English;
			hasScannedForEncodings = 0;
			knownRegions = (
				en,
				Base,
			);
			mainGroup = 9529B89D1E80D5D4007E3766;
			productRefGroup = 9529B8A71E80D5D4007E3766 /* Products */;
			projectDirPath = "";
			projectRoot = "";
			targets = (
				9529B8A51E80D5D4007E3766 /* videoPlayer */,
				9529B8BE1E80D5D4007E3766 /* videoPlayerTests */,
				9529B8C91E80D5D4007E3766 /* videoPlayerUITests */,
			);
		};
/* End PBXProject section */

/* Begin PBXResourcesBuildPhase section */
		9529B8A41E80D5D4007E3766 /* Resources */ = {
			isa = PBXResourcesBuildPhase;
			buildActionMask = 2147483647;
			files = (
				9529B8B91E80D5D4007E3766 /* LaunchScreen.storyboard in Resources */,
				9529B8B61E80D5D4007E3766 /* Assets.xcassets in Resources */,
				9529B9201E8110DB007E3766 /* MBProgressHUD.bundle in Resources */,
				9529B9081E811024007E3766 /* LICENSE in Resources */,
				9529B8B41E80D5D4007E3766 /* Main.storyboard in Resources */,
			);
			runOnlyForDeploymentPostprocessing = 0;
		};
		9529B8BD1E80D5D4007E3766 /* Resources */ = {
			isa = PBXResourcesBuildPhase;
			buildActionMask = 2147483647;
			files = (
			);
			runOnlyForDeploymentPostprocessing = 0;
		};
		9529B8C81E80D5D4007E3766 /* Resources */ = {
			isa = PBXResourcesBuildPhase;
			buildActionMask = 2147483647;
			files = (
			);
			runOnlyForDeploymentPostprocessing = 0;
		};
/* End PBXResourcesBuildPhase section */

/* Begin PBXSourcesBuildPhase section */
		9529B8A21E80D5D4007E3766 /* Sources */ = {
			isa = PBXSourcesBuildPhase;
			buildActionMask = 2147483647;
			files = (
				9529B9161E811024007E3766 /* UIImageView+HighlightedWebCache.m in Sources */,
				9529B93E1E82360B007E3766 /* GDataXMLNode.m in Sources */,
				9529B9141E811024007E3766 /* UIImage+MultiFormat.m in Sources */,
				9529B90F1E811024007E3766 /* SDWebImageDownloaderOperation.m in Sources */,
				9529B8B11E80D5D4007E3766 /* ViewController.m in Sources */,
				9529B90C1E811024007E3766 /* SDWebImageCompat.m in Sources */,
				9529B9271E811ABC007E3766 /* videoCell.m in Sources */,
				9529B9131E811024007E3766 /* UIImage+GIF.m in Sources */,
				9529B9111E811024007E3766 /* SDWebImagePrefetcher.m in Sources */,
				9529B8AE1E80D5D4007E3766 /* AppDelegate.m in Sources */,
				9529B9091E811024007E3766 /* README.md in Sources */,
				9529B9151E811024007E3766 /* UIImage+WebP.m in Sources */,
				9529B9171E811024007E3766 /* UIImageView+WebCache.m in Sources */,
				9529B90E1E811024007E3766 /* SDWebImageDownloader.m in Sources */,
				9529B9181E811024007E3766 /* UIView+WebCacheOperation.m in Sources */,
				9529B9121E811024007E3766 /* UIButton+WebCache.m in Sources */,
				9529B9351E822554007E3766 /* navigationController.m in Sources */,
				9529B8AB1E80D5D4007E3766 /* main.m in Sources */,
				9529B92D1E812BC1007E3766 /* videoPlayer.m in Sources */,
				9529B9381E8228A7007E3766 /* UIView+Extension.m in Sources */,
				9529B9211E8110DB007E3766 /* MBProgressHUD.m in Sources */,
				9529B90A1E811024007E3766 /* NSData+ImageContentType.m in Sources */,
				9529B8E41E810D3C007E3766 /* videoModel.m in Sources */,
				9529B9101E811024007E3766 /* SDWebImageManager.m in Sources */,
				9529B91F1E8110DB007E3766 /* MBProgressHUD+MJ.m in Sources */,
				9529B9241E8115B8007E3766 /* videoTool.m in Sources */,
				9529B90D1E811024007E3766 /* SDWebImageDecoder.m in Sources */,
				9529B90B1E811024007E3766 /* SDImageCache.m in Sources */,
			);
			runOnlyForDeploymentPostprocessing = 0;
		};
		9529B8BB1E80D5D4007E3766 /* Sources */ = {
			isa = PBXSourcesBuildPhase;
			buildActionMask = 2147483647;
			files = (
				9529B8C41E80D5D4007E3766 /* videoPlayerTests.m in Sources */,
			);
			runOnlyForDeploymentPostprocessing = 0;
		};
		9529B8C61E80D5D4007E3766 /* Sources */ = {
			isa = PBXSourcesBuildPhase;
			buildActionMask = 2147483647;
			files = (
				9529B8CF1E80D5D4007E3766 /* videoPlayerUITests.m in Sources */,
			);
			runOnlyForDeploymentPostprocessing = 0;
		};
/* End PBXSourcesBuildPhase section */

/* Begin PBXTargetDependency section */
		9529B8C11E80D5D4007E3766 /* PBXTargetDependency */ = {
			isa = PBXTargetDependency;
			target = 9529B8A51E80D5D4007E3766 /* videoPlayer */;
			targetProxy = 9529B8C01E80D5D4007E3766 /* PBXContainerItemProxy */;
		};
		9529B8CC1E80D5D4007E3766 /* PBXTargetDependency */ = {
			isa = PBXTargetDependency;
			target = 9529B8A51E80D5D4007E3766 /* videoPlayer */;
			targetProxy = 9529B8CB1E80D5D4007E3766 /* PBXContainerItemProxy */;
		};
/* End PBXTargetDependency section */

/* Begin PBXVariantGroup section */
		9529B8B21E80D5D4007E3766 /* Main.storyboard */ = {
			isa = PBXVariantGroup;
			children = (
				9529B8B31E80D5D4007E3766 /* Base */,
			);
			name = Main.storyboard;
			sourceTree = "<group>";
		};
		9529B8B71E80D5D4007E3766 /* LaunchScreen.storyboard */ = {
			isa = PBXVariantGroup;
			children = (
				9529B8B81E80D5D4007E3766 /* Base */,
			);
			name = LaunchScreen.storyboard;
			sourceTree = "<group>";
		};
/* End PBXVariantGroup section */

/* Begin XCBuildConfiguration section */
		9529B8D11E80D5D4007E3766 /* Debug */ = {
			isa = XCBuildConfiguration;
			buildSettings = {
				ALWAYS_SEARCH_USER_PATHS = NO;
				CLANG_ANALYZER_NONNULL = YES;
				CLANG_CXX_LANGUAGE_STANDARD = "gnu++0x";
				CLANG_CXX_LIBRARY = "libc++";
				CLANG_ENABLE_MODULES = YES;
				CLANG_ENABLE_OBJC_ARC = YES;
				CLANG_WARN_BOOL_CONVERSION = YES;
				CLANG_WARN_CONSTANT_CONVERSION = YES;
				CLANG_WARN_DIRECT_OBJC_ISA_USAGE = YES_ERROR;
				CLANG_WARN_DOCUMENTATION_COMMENTS = YES;
				CLANG_WARN_EMPTY_BODY = YES;
				CLANG_WARN_ENUM_CONVERSION = YES;
				CLANG_WARN_INFINITE_RECURSION = YES;
				CLANG_WARN_INT_CONVERSION = YES;
				CLANG_WARN_OBJC_ROOT_CLASS = YES_ERROR;
				CLANG_WARN_SUSPICIOUS_MOVE = YES;
				CLANG_WARN_UNREACHABLE_CODE = YES;
				CLANG_WARN__DUPLICATE_METHOD_MATCH = YES;
				"CODE_SIGN_IDENTITY[sdk=iphoneos*]" = "iPhone Developer";
				COPY_PHASE_STRIP = NO;
				DEBUG_INFORMATION_FORMAT = dwarf;
				ENABLE_STRICT_OBJC_MSGSEND = YES;
				ENABLE_TESTABILITY = YES;
				GCC_C_LANGUAGE_STANDARD = gnu99;
				GCC_DYNAMIC_NO_PIC = NO;
				GCC_NO_COMMON_BLOCKS = YES;
				GCC_OPTIMIZATION_LEVEL = 0;
				GCC_PREPROCESSOR_DEFINITIONS = (
					"DEBUG=1",
					"$(inherited)",
				);
				GCC_WARN_64_TO_32_BIT_CONVERSION = YES;
				GCC_WARN_ABOUT_RETURN_TYPE = YES_ERROR;
				GCC_WARN_UNDECLARED_SELECTOR = YES;
				GCC_WARN_UNINITIALIZED_AUTOS = YES_AGGRESSIVE;
				GCC_WARN_UNUSED_FUNCTION = YES;
				GCC_WARN_UNUSED_VARIABLE = YES;
				IPHONEOS_DEPLOYMENT_TARGET = 10.2;
				MTL_ENABLE_DEBUG_INFO = YES;
				ONLY_ACTIVE_ARCH = YES;
				SDKROOT = iphoneos;
				TARGETED_DEVICE_FAMILY = "1,2";
			};
			name = Debug;
		};
		9529B8D21E80D5D4007E3766 /* Release */ = {
			isa = XCBuildConfiguration;
			buildSettings = {
				ALWAYS_SEARCH_USER_PATHS = NO;
				CLANG_ANALYZER_NONNULL = YES;
				CLANG_CXX_LANGUAGE_STANDARD = "gnu++0x";
				CLANG_CXX_LIBRARY = "libc++";
				CLANG_ENABLE_MODULES = YES;
				CLANG_ENABLE_OBJC_ARC = YES;
				CLANG_WARN_BOOL_CONVERSION = YES;
				CLANG_WARN_CONSTANT_CONVERSION = YES;
				CLANG_WARN_DIRECT_OBJC_ISA_USAGE = YES_ERROR;
				CLANG_WARN_DOCUMENTATION_COMMENTS = YES;
				CLANG_WARN_EMPTY_BODY = YES;
				CLANG_WARN_ENUM_CONVERSION = YES;
				CLANG_WARN_INFINITE_RECURSION = YES;
				CLANG_WARN_INT_CONVERSION = YES;
				CLANG_WARN_OBJC_ROOT_CLASS = YES_ERROR;
				CLANG_WARN_SUSPICIOUS_MOVE = YES;
				CLANG_WARN_UNREACHABLE_CODE = YES;
				CLANG_WARN__DUPLICATE_METHOD_MATCH = YES;
				"CODE_SIGN_IDENTITY[sdk=iphoneos*]" = "iPhone Developer";
				COPY_PHASE_STRIP = NO;
				DEBUG_INFORMATION_FORMAT = "dwarf-with-dsym";
				ENABLE_NS_ASSERTIONS = NO;
				ENABLE_STRICT_OBJC_MSGSEND = YES;
				GCC_C_LANGUAGE_STANDARD = gnu99;
				GCC_NO_COMMON_BLOCKS = YES;
				GCC_WARN_64_TO_32_BIT_CONVERSION = YES;
				GCC_WARN_ABOUT_RETURN_TYPE = YES_ERROR;
				GCC_WARN_UNDECLARED_SELECTOR = YES;
				GCC_WARN_UNINITIALIZED_AUTOS = YES_AGGRESSIVE;
				GCC_WARN_UNUSED_FUNCTION = YES;
				GCC_WARN_UNUSED_VARIABLE = YES;
				IPHONEOS_DEPLOYMENT_TARGET = 10.2;
				MTL_ENABLE_DEBUG_INFO = NO;
				SDKROOT = iphoneos;
				TARGETED_DEVICE_FAMILY = "1,2";
				VALIDATE_PRODUCT = YES;
			};
			name = Release;
		};
		9529B8D41E80D5D4007E3766 /* Debug */ = {
			isa = XCBuildConfiguration;
			buildSettings = {
				ASSETCATALOG_COMPILER_APPICON_NAME = AppIcon;
				DEVELOPMENT_TEAM = 8DR7TR6R4T;
				HEADER_SEARCH_PATHS = (
					"/usr/include/libxml2\n/usr/include/libxml2\n/usr/include/libxml2",
				);
				INFOPLIST_FILE = videoPlayer/Info.plist;
				IPHONEOS_DEPLOYMENT_TARGET = 10.2;
				LD_RUNPATH_SEARCH_PATHS = "$(inherited) @executable_path/Frameworks";
				OTHER_LDFLAGS = "-lxml2";
				PRODUCT_BUNDLE_IDENTIFIER = com.videoPlayer;
				PRODUCT_NAME = "$(TARGET_NAME)";
			};
			name = Debug;
		};
		9529B8D51E80D5D4007E3766 /* Release */ = {
			isa = XCBuildConfiguration;
			buildSettings = {
				ASSETCATALOG_COMPILER_APPICON_NAME = AppIcon;
				DEVELOPMENT_TEAM = 8DR7TR6R4T;
				HEADER_SEARCH_PATHS = (
					"/usr/include/libxml2\n/usr/include/libxml2\n/usr/include/libxml2",
				);
				INFOPLIST_FILE = videoPlayer/Info.plist;
				IPHONEOS_DEPLOYMENT_TARGET = 10.2;
				LD_RUNPATH_SEARCH_PATHS = "$(inherited) @executable_path/Frameworks";
				OTHER_LDFLAGS = "-lxml2";
				PRODUCT_BUNDLE_IDENTIFIER = com.videoPlayer;
				PRODUCT_NAME = "$(TARGET_NAME)";
			};
			name = Release;
		};
		9529B8D71E80D5D4007E3766 /* Debug */ = {
			isa = XCBuildConfiguration;
			buildSettings = {
				BUNDLE_LOADER = "$(TEST_HOST)";
				DEVELOPMENT_TEAM = 8DR7TR6R4T;
				INFOPLIST_FILE = videoPlayerTests/Info.plist;
				LD_RUNPATH_SEARCH_PATHS = "$(inherited) @executable_path/Frameworks @loader_path/Frameworks";
				PRODUCT_BUNDLE_IDENTIFIER = com.videoPlayerTests;
				PRODUCT_NAME = "$(TARGET_NAME)";
				TEST_HOST = "$(BUILT_PRODUCTS_DIR)/videoPlayer.app/videoPlayer";
			};
			name = Debug;
		};
		9529B8D81E80D5D4007E3766 /* Release */ = {
			isa = XCBuildConfiguration;
			buildSettings = {
				BUNDLE_LOADER = "$(TEST_HOST)";
				DEVELOPMENT_TEAM = 8DR7TR6R4T;
				INFOPLIST_FILE = videoPlayerTests/Info.plist;
				LD_RUNPATH_SEARCH_PATHS = "$(inherited) @executable_path/Frameworks @loader_path/Frameworks";
				PRODUCT_BUNDLE_IDENTIFIER = com.videoPlayerTests;
				PRODUCT_NAME = "$(TARGET_NAME)";
				TEST_HOST = "$(BUILT_PRODUCTS_DIR)/videoPlayer.app/videoPlayer";
			};
			name = Release;
		};
		9529B8DA1E80D5D4007E3766 /* Debug */ = {
			isa = XCBuildConfiguration;
			buildSettings = {
				DEVELOPMENT_TEAM = 8DR7TR6R4T;
				INFOPLIST_FILE = videoPlayerUITests/Info.plist;
				LD_RUNPATH_SEARCH_PATHS = "$(inherited) @executable_path/Frameworks @loader_path/Frameworks";
				PRODUCT_BUNDLE_IDENTIFIER = com.videoPlayerUITests;
				PRODUCT_NAME = "$(TARGET_NAME)";
				TEST_TARGET_NAME = videoPlayer;
			};
			name = Debug;
		};
		9529B8DB1E80D5D4007E3766 /* Release */ = {
			isa = XCBuildConfiguration;
			buildSettings = {
				DEVELOPMENT_TEAM = 8DR7TR6R4T;
				INFOPLIST_FILE = videoPlayerUITests/Info.plist;
				LD_RUNPATH_SEARCH_PATHS = "$(inherited) @executable_path/Frameworks @loader_path/Frameworks";
				PRODUCT_BUNDLE_IDENTIFIER = com.videoPlayerUITests;
				PRODUCT_NAME = "$(TARGET_NAME)";
				TEST_TARGET_NAME = videoPlayer;
			};
			name = Release;
		};
/* End XCBuildConfiguration section */

/* Begin XCConfigurationList section */
		9529B8A11E80D5D4007E3766 /* Build configuration list for PBXProject "videoPlayer" */ = {
			isa = XCConfigurationList;
			buildConfigurations = (
				9529B8D11E80D5D4007E3766 /* Debug */,
				9529B8D21E80D5D4007E3766 /* Release */,
			);
			defaultConfigurationIsVisible = 0;
			defaultConfigurationName = Release;
		};
		9529B8D31E80D5D4007E3766 /* Build configuration list for PBXNativeTarget "videoPlayer" */ = {
			isa = XCConfigurationList;
			buildConfigurations = (
				9529B8D41E80D5D4007E3766 /* Debug */,
				9529B8D51E80D5D4007E3766 /* Release */,
			);
			defaultConfigurationIsVisible = 0;
		};
		9529B8D61E80D5D4007E3766 /* Build configuration list for PBXNativeTarget "videoPlayerTests" */ = {
			isa = XCConfigurationList;
			buildConfigurations = (
				9529B8D71E80D5D4007E3766 /* Debug */,
				9529B8D81E80D5D4007E3766 /* Release */,
			);
			defaultConfigurationIsVisible = 0;
		};
		9529B8D91E80D5D4007E3766 /* Build configuration list for PBXNativeTarget "videoPlayerUITests" */ = {
			isa = XCConfigurationList;
			buildConfigurations = (
				9529B8DA1E80D5D4007E3766 /* Debug */,
				9529B8DB1E80D5D4007E3766 /* Release */,
			);
			defaultConfigurationIsVisible = 0;
		};
/* End XCConfigurationList section */
	};
	rootObject = 9529B89E1E80D5D4007E3766 /* Project object */;
}
